
Microsoft Visual Studio Solution File, Format Version 12.00
# Visual Studio Version 17
VisualStudioVersion = 17.11.35222.181
MinimumVisualStudioVersion = 10.0.40219.1
Project("{FAE04EC0-301F-11D3-BF4B-00C04F79EFBC}") = "CommissionSystem", "CommissionSystem\CommissionSystem.csproj", "{E2108930-D44E-4E49-8FC7-9D1EDC7FC64E}"
EndProject
Global
	GlobalSection(SolutionConfigurationPlatforms) = preSolution
		Debug|Any CPU = Debug|Any CPU
		Release|Any CPU = Release|Any CPU
	EndGlobalSection
	GlobalSection(ProjectConfigurationPlatforms) = postSolution
		{E2108930-D44E-4E49-8FC7-9D1EDC7FC64E}.Debug|Any CPU.ActiveCfg = Debug|Any CPU
		{E2108930-D44E-4E49-8FC7-9D1EDC7FC64E}.Debug|Any CPU.Build.0 = Debug|Any CPU
		{E2108930-D44E-4E49-8FC7-9D1EDC7FC64E}.Release|Any CPU.ActiveCfg = Release|Any CPU
		{E2108930-D44E-4E49-8FC7-9D1EDC7FC64E}.Release|Any CPU.Build.0 = Release|Any CPU
	EndGlobalSection
	GlobalSection(SolutionProperties) = preSolution
		HideSolutionNode = FALSE
	EndGlobalSection
	GlobalSection(ExtensibilityGlobals) = postSolution
		SolutionGuid = {C52E4714-F8EA-4E59-A5EC-151C39A7EBC5}
	EndGlobalSection
EndGlobal
